
Microsoft Visual Studio Solution File, Format Version 12.00
# Visual Studio Version 16
VisualStudioVersion = 16.0.30907.101
MinimumVisualStudioVersion = 10.0.40219.1
Project("{FAE04EC0-301F-11D3-BF4B-00C04F79EFBC}") = "GithubTest", "GithubTest\GithubTest.csproj", "{FD02BDFF-616F-47F5-AD48-0B4CEF971A42}"
EndProject
Global
	GlobalSection(SolutionConfigurationPlatforms) = preSolution
		Debug|Any CPU = Debug|Any CPU
		Release|Any CPU = Release|Any CPU
	EndGlobalSection
	GlobalSection(ProjectConfigurationPlatforms) = postSolution
		{FD02BDFF-616F-47F5-AD48-0B4CEF971A42}.Debug|Any CPU.ActiveCfg = Debug|Any CPU
		{FD02BDFF-616F-47F5-AD48-0B4CEF971A42}.Debug|Any CPU.Build.0 = Debug|Any CPU
		{FD02BDFF-616F-47F5-AD48-0B4CEF971A42}.Release|Any CPU.ActiveCfg = Release|Any CPU
		{FD02BDFF-616F-47F5-AD48-0B4CEF971A42}.Release|Any CPU.Build.0 = Release|Any CPU
	EndGlobalSection
	GlobalSection(SolutionProperties) = preSolution
		HideSolutionNode = FALSE
	EndGlobalSection
	GlobalSection(ExtensibilityGlobals) = postSolution
		SolutionGuid = {A0079A0E-FC5B-42FC-994A-C5C1E3A4CE6C}
	EndGlobalSection
EndGlobal
